
Microsoft Visual Studio Solution File, Format Version 12.00
# Visual Studio Version 17
VisualStudioVersion = 17.5.33516.290
MinimumVisualStudioVersion = 10.0.40219.1
Project("{FAE04EC0-301F-11D3-BF4B-00C04F79EFBC}") = "Timezone", "Timezone\Timezone.csproj", "{EAEA4DE8-921F-4AEF-8F53-0187A49C2EA2}"
EndProject
Global
	GlobalSection(SolutionConfigurationPlatforms) = preSolution
		Debug|Any CPU = Debug|Any CPU
		Release|Any CPU = Release|Any CPU
	EndGlobalSection
	GlobalSection(ProjectConfigurationPlatforms) = postSolution
		{EAEA4DE8-921F-4AEF-8F53-0187A49C2EA2}.Debug|Any CPU.ActiveCfg = Debug|Any CPU
		{EAEA4DE8-921F-4AEF-8F53-0187A49C2EA2}.Debug|Any CPU.Build.0 = Debug|Any CPU
		{EAEA4DE8-921F-4AEF-8F53-0187A49C2EA2}.Release|Any CPU.ActiveCfg = Release|Any CPU
		{EAEA4DE8-921F-4AEF-8F53-0187A49C2EA2}.Release|Any CPU.Build.0 = Release|Any CPU
	EndGlobalSection
	GlobalSection(SolutionProperties) = preSolution
		HideSolutionNode = FALSE
	EndGlobalSection
	GlobalSection(ExtensibilityGlobals) = postSolution
		SolutionGuid = {980CB858-1E59-46EF-8369-C5788ED311D5}
	EndGlobalSection
EndGlobal
